
Microsoft Visual Studio Solution File, Format Version 12.00
# Visual Studio Version 17
VisualStudioVersion = 17.4.33205.214
MinimumVisualStudioVersion = 10.0.40219.1
Project("{FAE04EC0-301F-11D3-BF4B-00C04F79EFBC}") = "custom-image-button", "custom-image-button\custom-image-button.csproj", "{AB46A89A-002C-41F6-B2D1-D5E524794CB4}"
EndProject
Global
	GlobalSection(SolutionConfigurationPlatforms) = preSolution
		Debug|Any CPU = Debug|Any CPU
		Release|Any CPU = Release|Any CPU
	EndGlobalSection
	GlobalSection(ProjectConfigurationPlatforms) = postSolution
		{AB46A89A-002C-41F6-B2D1-D5E524794CB4}.Debug|Any CPU.ActiveCfg = Debug|Any CPU
		{AB46A89A-002C-41F6-B2D1-D5E524794CB4}.Debug|Any CPU.Build.0 = Debug|Any CPU
		{AB46A89A-002C-41F6-B2D1-D5E524794CB4}.Release|Any CPU.ActiveCfg = Release|Any CPU
		{AB46A89A-002C-41F6-B2D1-D5E524794CB4}.Release|Any CPU.Build.0 = Release|Any CPU
	EndGlobalSection
	GlobalSection(SolutionProperties) = preSolution
		HideSolutionNode = FALSE
	EndGlobalSection
	GlobalSection(ExtensibilityGlobals) = postSolution
		SolutionGuid = {B8AA29A6-1F2E-4326-9FB4-065D46492C72}
	EndGlobalSection
EndGlobal
